
Microsoft Visual Studio Solution File, Format Version 12.00
# Visual Studio Version 16
VisualStudioVersion = 16.0.29728.190
MinimumVisualStudioVersion = 10.0.40219.1
Project("{9A19103F-16F7-4668-BE54-9A1E7A4F7556}") = "SearchMovieServer", "SearchMovieServer\SearchMovieServer.csproj", "{F6623012-2EA6-4B13-A70D-63B2E6A0F3D0}"
EndProject
Project("{FAE04EC0-301F-11D3-BF4B-00C04F79EFBC}") = "Tokens", "Tokens\Tokens.csproj", "{F250F2E8-849A-498C-90BE-98F644E54B3C}"
EndProject
Global
	GlobalSection(SolutionConfigurationPlatforms) = preSolution
		Debug|Any CPU = Debug|Any CPU
		Release|Any CPU = Release|Any CPU
	EndGlobalSection
	GlobalSection(ProjectConfigurationPlatforms) = postSolution
		{F6623012-2EA6-4B13-A70D-63B2E6A0F3D0}.Debug|Any CPU.ActiveCfg = Debug|Any CPU
		{F6623012-2EA6-4B13-A70D-63B2E6A0F3D0}.Debug|Any CPU.Build.0 = Debug|Any CPU
		{F6623012-2EA6-4B13-A70D-63B2E6A0F3D0}.Release|Any CPU.ActiveCfg = Release|Any CPU
		{F6623012-2EA6-4B13-A70D-63B2E6A0F3D0}.Release|Any CPU.Build.0 = Release|Any CPU
		{F250F2E8-849A-498C-90BE-98F644E54B3C}.Debug|Any CPU.ActiveCfg = Debug|Any CPU
		{F250F2E8-849A-498C-90BE-98F644E54B3C}.Debug|Any CPU.Build.0 = Debug|Any CPU
		{F250F2E8-849A-498C-90BE-98F644E54B3C}.Release|Any CPU.ActiveCfg = Release|Any CPU
		{F250F2E8-849A-498C-90BE-98F644E54B3C}.Release|Any CPU.Build.0 = Release|Any CPU
	EndGlobalSection
	GlobalSection(SolutionProperties) = preSolution
		HideSolutionNode = FALSE
	EndGlobalSection
	GlobalSection(ExtensibilityGlobals) = postSolution
		SolutionGuid = {D75D7526-4D0F-4247-B3CE-964B9C13EB2B}
	EndGlobalSection
EndGlobal
